
Microsoft Visual Studio Solution File, Format Version 12.00
# Visual Studio Version 17
VisualStudioVersion = 17.11.35327.3
MinimumVisualStudioVersion = 10.0.40219.1
Project("{2150E333-8FDC-42A3-9474-1A3956D46DE8}") = "src", "src", "{8BAC89A0-3380-47A7-9472-F81B922AB595}"
EndProject
Project("{2150E333-8FDC-42A3-9474-1A3956D46DE8}") = "tests", "tests", "{80D169EA-ECBB-4DE6-9EB4-2CCF81D5897B}"
EndProject
Project("{9A19103F-16F7-4668-BE54-9A1E7A4F7556}") = "GPN.UnitTests", "tests\GPN.UnitTests\GPN.UnitTests.csproj", "{837B38C1-9D76-4419-A8D7-5837B6B70B07}"
	ProjectSection(ProjectDependencies) = postProject
		{151E13CC-D26B-4C2C-9E0F-5261B6B1E4DB} = {151E13CC-D26B-4C2C-9E0F-5261B6B1E4DB}
		{B365755C-CDB1-4343-9108-70AB07682254} = {B365755C-CDB1-4343-9108-70AB07682254}
	EndProjectSection
EndProject
Project("{9A19103F-16F7-4668-BE54-9A1E7A4F7556}") = "GPN.IntegrationTests", "tests\GPN.IntegrationTests\GPN.IntegrationTests.csproj", "{2D1B9798-D698-4961-BBC2-E315768C0E79}"
	ProjectSection(ProjectDependencies) = postProject
		{151E13CC-D26B-4C2C-9E0F-5261B6B1E4DB} = {151E13CC-D26B-4C2C-9E0F-5261B6B1E4DB}
		{4531405C-F9CF-4B66-B1CB-65B7C711B6F3} = {4531405C-F9CF-4B66-B1CB-65B7C711B6F3}
		{5627AF91-D6F0-4777-9325-3AAD80F35AF0} = {5627AF91-D6F0-4777-9325-3AAD80F35AF0}
		{B365755C-CDB1-4343-9108-70AB07682254} = {B365755C-CDB1-4343-9108-70AB07682254}
		{DFD9B57B-900F-4EBD-82E7-79BD9EC28010} = {DFD9B57B-900F-4EBD-82E7-79BD9EC28010}
	EndProjectSection
EndProject
Project("{9A19103F-16F7-4668-BE54-9A1E7A4F7556}") = "GPN.API", "src\GPN.API\GPN.API.csproj", "{4531405C-F9CF-4B66-B1CB-65B7C711B6F3}"
	ProjectSection(ProjectDependencies) = postProject
		{B365755C-CDB1-4343-9108-70AB07682254} = {B365755C-CDB1-4343-9108-70AB07682254}
		{DFD9B57B-900F-4EBD-82E7-79BD9EC28010} = {DFD9B57B-900F-4EBD-82E7-79BD9EC28010}
	EndProjectSection
EndProject
Project("{9A19103F-16F7-4668-BE54-9A1E7A4F7556}") = "GPN.Application", "src\GPN.Application\GPN.Application.csproj", "{B365755C-CDB1-4343-9108-70AB07682254}"
	ProjectSection(ProjectDependencies) = postProject
		{151E13CC-D26B-4C2C-9E0F-5261B6B1E4DB} = {151E13CC-D26B-4C2C-9E0F-5261B6B1E4DB}
	EndProjectSection
EndProject
Project("{9A19103F-16F7-4668-BE54-9A1E7A4F7556}") = "GPN.Domain", "src\GPN.Domain\GPN.Domain.csproj", "{151E13CC-D26B-4C2C-9E0F-5261B6B1E4DB}"
EndProject
Project("{9A19103F-16F7-4668-BE54-9A1E7A4F7556}") = "GPN.Infrastructure", "src\GPN.Infrastructure\GPN.Infrastructure.csproj", "{DFD9B57B-900F-4EBD-82E7-79BD9EC28010}"
	ProjectSection(ProjectDependencies) = postProject
		{151E13CC-D26B-4C2C-9E0F-5261B6B1E4DB} = {151E13CC-D26B-4C2C-9E0F-5261B6B1E4DB}
	EndProjectSection
EndProject
Project("{9A19103F-16F7-4668-BE54-9A1E7A4F7556}") = "GPN.Web", "src\GPN.Web\GPN.Web.csproj", "{5627AF91-D6F0-4777-9325-3AAD80F35AF0}"
	ProjectSection(ProjectDependencies) = postProject
		{151E13CC-D26B-4C2C-9E0F-5261B6B1E4DB} = {151E13CC-D26B-4C2C-9E0F-5261B6B1E4DB}
		{B365755C-CDB1-4343-9108-70AB07682254} = {B365755C-CDB1-4343-9108-70AB07682254}
		{DFD9B57B-900F-4EBD-82E7-79BD9EC28010} = {DFD9B57B-900F-4EBD-82E7-79BD9EC28010}
	EndProjectSection
EndProject
Project("{2150E333-8FDC-42A3-9474-1A3956D46DE8}") = "Solution Items", "Solution Items", "{093E7D5A-6C46-4F15-8B50-D41A62E552EB}"
	ProjectSection(SolutionItems) = preProject
		.gitignore = .gitignore
	EndProjectSection
EndProject
Global
	GlobalSection(SolutionConfigurationPlatforms) = preSolution
		Debug|Any CPU = Debug|Any CPU
		Release|Any CPU = Release|Any CPU
	EndGlobalSection
	GlobalSection(ProjectConfigurationPlatforms) = postSolution
		{837B38C1-9D76-4419-A8D7-5837B6B70B07}.Debug|Any CPU.ActiveCfg = Debug|Any CPU
		{837B38C1-9D76-4419-A8D7-5837B6B70B07}.Debug|Any CPU.Build.0 = Debug|Any CPU
		{837B38C1-9D76-4419-A8D7-5837B6B70B07}.Release|Any CPU.ActiveCfg = Release|Any CPU
		{837B38C1-9D76-4419-A8D7-5837B6B70B07}.Release|Any CPU.Build.0 = Release|Any CPU
		{2D1B9798-D698-4961-BBC2-E315768C0E79}.Debug|Any CPU.ActiveCfg = Debug|Any CPU
		{2D1B9798-D698-4961-BBC2-E315768C0E79}.Debug|Any CPU.Build.0 = Debug|Any CPU
		{2D1B9798-D698-4961-BBC2-E315768C0E79}.Release|Any CPU.ActiveCfg = Release|Any CPU
		{2D1B9798-D698-4961-BBC2-E315768C0E79}.Release|Any CPU.Build.0 = Release|Any CPU
		{4531405C-F9CF-4B66-B1CB-65B7C711B6F3}.Debug|Any CPU.ActiveCfg = Debug|Any CPU
		{4531405C-F9CF-4B66-B1CB-65B7C711B6F3}.Debug|Any CPU.Build.0 = Debug|Any CPU
		{4531405C-F9CF-4B66-B1CB-65B7C711B6F3}.Release|Any CPU.ActiveCfg = Release|Any CPU
		{4531405C-F9CF-4B66-B1CB-65B7C711B6F3}.Release|Any CPU.Build.0 = Release|Any CPU
		{B365755C-CDB1-4343-9108-70AB07682254}.Debug|Any CPU.ActiveCfg = Debug|Any CPU
		{B365755C-CDB1-4343-9108-70AB07682254}.Debug|Any CPU.Build.0 = Debug|Any CPU
		{B365755C-CDB1-4343-9108-70AB07682254}.Release|Any CPU.ActiveCfg = Release|Any CPU
		{B365755C-CDB1-4343-9108-70AB07682254}.Release|Any CPU.Build.0 = Release|Any CPU
		{151E13CC-D26B-4C2C-9E0F-5261B6B1E4DB}.Debug|Any CPU.ActiveCfg = Debug|Any CPU
		{151E13CC-D26B-4C2C-9E0F-5261B6B1E4DB}.Debug|Any CPU.Build.0 = Debug|Any CPU
		{151E13CC-D26B-4C2C-9E0F-5261B6B1E4DB}.Release|Any CPU.ActiveCfg = Release|Any CPU
		{151E13CC-D26B-4C2C-9E0F-5261B6B1E4DB}.Release|Any CPU.Build.0 = Release|Any CPU
		{DFD9B57B-900F-4EBD-82E7-79BD9EC28010}.Debug|Any CPU.ActiveCfg = Debug|Any CPU
		{DFD9B57B-900F-4EBD-82E7-79BD9EC28010}.Debug|Any CPU.Build.0 = Debug|Any CPU
		{DFD9B57B-900F-4EBD-82E7-79BD9EC28010}.Release|Any CPU.ActiveCfg = Release|Any CPU
		{DFD9B57B-900F-4EBD-82E7-79BD9EC28010}.Release|Any CPU.Build.0 = Release|Any CPU
		{5627AF91-D6F0-4777-9325-3AAD80F35AF0}.Debug|Any CPU.ActiveCfg = Debug|Any CPU
		{5627AF91-D6F0-4777-9325-3AAD80F35AF0}.Debug|Any CPU.Build.0 = Debug|Any CPU
		{5627AF91-D6F0-4777-9325-3AAD80F35AF0}.Release|Any CPU.ActiveCfg = Release|Any CPU
		{5627AF91-D6F0-4777-9325-3AAD80F35AF0}.Release|Any CPU.Build.0 = Release|Any CPU
	EndGlobalSection
	GlobalSection(SolutionProperties) = preSolution
		HideSolutionNode = FALSE
	EndGlobalSection
	GlobalSection(NestedProjects) = preSolution
		{837B38C1-9D76-4419-A8D7-5837B6B70B07} = {80D169EA-ECBB-4DE6-9EB4-2CCF81D5897B}
		{2D1B9798-D698-4961-BBC2-E315768C0E79} = {80D169EA-ECBB-4DE6-9EB4-2CCF81D5897B}
		{4531405C-F9CF-4B66-B1CB-65B7C711B6F3} = {8BAC89A0-3380-47A7-9472-F81B922AB595}
		{B365755C-CDB1-4343-9108-70AB07682254} = {8BAC89A0-3380-47A7-9472-F81B922AB595}
		{151E13CC-D26B-4C2C-9E0F-5261B6B1E4DB} = {8BAC89A0-3380-47A7-9472-F81B922AB595}
		{DFD9B57B-900F-4EBD-82E7-79BD9EC28010} = {8BAC89A0-3380-47A7-9472-F81B922AB595}
		{5627AF91-D6F0-4777-9325-3AAD80F35AF0} = {8BAC89A0-3380-47A7-9472-F81B922AB595}
	EndGlobalSection
	GlobalSection(ExtensibilityGlobals) = postSolution
		SolutionGuid = {3F2937C9-C76C-4950-A3A3-BB5776F9EFA0}
	EndGlobalSection
EndGlobal
